{
  "name": "@goggles/unit-system-si-units",
  "version": "1.0.0",
  "lockfileVersion": 2,
  "requires": true,
  "packages": {
    "": {
      "name": "@goggles/unit-system-si-units",
      "version": "1.0.0",
      "license": "ISC",
      "dependencies": {
        "@goggles/unit-system": "^1.0.2"
      }
    },
    "node_modules/@goggles/unit-system": {
      "version": "1.0.2",
      "resolved": "https://registry.npmjs.org/@goggles/unit-system/-/unit-system-1.0.2.tgz",
      "integrity": "sha512-5VK6tFFVhNr3/3xfaIM2eBYoUEkaMQht1Hvy87Nqjpmry/2JQTTqYypwkGO3riOkSsYqg411SJZkxNT23JRcjw=="
    }
  },
  "dependencies": {
    "@goggles/unit-system": {
      "version": "1.0.2",
      "resolved": "https://registry.npmjs.org/@goggles/unit-system/-/unit-system-1.0.2.tgz",
      "integrity": "sha512-5VK6tFFVhNr3/3xfaIM2eBYoUEkaMQht1Hvy87Nqjpmry/2JQTTqYypwkGO3riOkSsYqg411SJZkxNT23JRcjw=="
    }
  }
}
