{
  "name": "@goggles/unit-system-si-units",
  "version": "1.0.0",
  "lockfileVersion": 2,
  "requires": true,
  "packages": {
    "": {
      "name": "@goggles/unit-system-si-units",
      "version": "1.0.0",
      "license": "ISC",
      "dependencies": {
        "@goggles/unit-system": "^1.0.2"
      }
    },
    "node_modules/@goggles/unit-system": {
      "version": "1.2.1",
      "resolved": "https://registry.npmjs.org/@goggles/unit-system/-/unit-system-1.2.1.tgz",
      "integrity": "sha512-tVSl17gc7Z2CPHi6amFuzciwvZTshH8IEPd7mP1aVWs70meorybxkV0vFKy09d4uTATK4qoXu3tcBpErH0Dtnw=="
    }
  },
  "dependencies": {
    "@goggles/unit-system": {
      "version": "1.2.1",
      "resolved": "https://registry.npmjs.org/@goggles/unit-system/-/unit-system-1.2.1.tgz",
      "integrity": "sha512-tVSl17gc7Z2CPHi6amFuzciwvZTshH8IEPd7mP1aVWs70meorybxkV0vFKy09d4uTATK4qoXu3tcBpErH0Dtnw=="
    }
  }
}
